// !$*UTF8*$!
{
	archiveVersion = 1;
	classes = {
	};
	objectVersion = 46;
	objects = {

/* Begin PBXBuildFile section */
		54590007F495C259C62BE8A3 /* CoreLocation.framework in Frameworks */ = {isa = PBXBuildFile; fileRef = 54590E5094F73100D6F8A88B /* CoreLocation.framework */; };
		5459006225DAF0B4A94ADA87 /* MapKit.framework in Frameworks */ = {isa = PBXBuildFile; fileRef = 54590EDB9ED935FDB962BA31 /* MapKit.framework */; };
		545900820063A47ACF831E9C /* StackedBubbleAnnotation.m in Sources */ = {isa = PBXBuildFile; fileRef = 54590E2CF10691CA9C3EF8CF /* StackedBubbleAnnotation.m */; };
		5459012080981111D76AE00E /* MKClusterManager.m in Sources */ = {isa = PBXBuildFile; fileRef = 54590D28F4F1771C4B977018 /* MKClusterManager.m */; };
		5459012A7790F7EDEEE2D2F7 /* XCTest.framework in Frameworks */ = {isa = PBXBuildFile; fileRef = 54590097F72564CF5883C78E /* XCTest.framework */; };
		545901C3CCD3634A7C973B5A /* BubbleAnnotation.m in Sources */ = {isa = PBXBuildFile; fileRef = 545903189C0E24E797D45785 /* BubbleAnnotation.m */; };
		545901E553AF96C2926F2AD9 /* ShadeScrollView.m in Sources */ = {isa = PBXBuildFile; fileRef = 54590E7ADB3FBD8647A70D34 /* ShadeScrollView.m */; };
		5459024FB3C686E017EF4749 /* EXViewController.m in Sources */ = {isa = PBXBuildFile; fileRef = 54590F976439DB3831C43B0A /* EXViewController.m */; };
		545903201999C84210EA2EDF /* UIKit.framework in Frameworks */ = {isa = PBXBuildFile; fileRef = 545909191FCAEC33C7EF9109 /* UIKit.framework */; };
		54590346BA45647FD5325154 /* main.m in Sources */ = {isa = PBXBuildFile; fileRef = 54590EE42E452BC50DE38D08 /* main.m */; };
		5459038FE2CDFC710A7A65B0 /* SpotTests.m in Sources */ = {isa = PBXBuildFile; fileRef = 54590C0D3253E759512F8D1B /* SpotTests.m */; };
		545903A679A52A1E87C97CB5 /* Images.xcassets in Resources */ = {isa = PBXBuildFile; fileRef = 54590C323E21D05C3542C049 /* Images.xcassets */; };
		545903AE8E4A9BEB5DD39DD8 /* MapKit.framework in Frameworks */ = {isa = PBXBuildFile; fileRef = 54590EDB9ED935FDB962BA31 /* MapKit.framework */; };
		545903CC063520F9E097D1B9 /* Foundation.framework in Frameworks */ = {isa = PBXBuildFile; fileRef = 54590A1DE08055782A0CEB5E /* Foundation.framework */; };
		545903E29F95FB6DD0D0C873 /* ShadeTableViewController.m in Sources */ = {isa = PBXBuildFile; fileRef = 54590B84C497979972AFB2C3 /* ShadeTableViewController.m */; };
		545904185BE7DEC0F407C7E5 /* Main.storyboard in Resources */ = {isa = PBXBuildFile; fileRef = 5459028C98D7989DCD15FE3E /* Main.storyboard */; };
		5459041D667D9B8941E44A76 /* InfoPlist.strings in Resources */ = {isa = PBXBuildFile; fileRef = 5459098D06B74EB703C28FC9 /* InfoPlist.strings */; };
		5459043CDE76191BE0B112DA /* Colors.m in Sources */ = {isa = PBXBuildFile; fileRef = 54590E808D94E1B897382864 /* Colors.m */; };
		5459044AEACD255C18361AA2 /* ShadeCellTests.m in Sources */ = {isa = PBXBuildFile; fileRef = 545909F4DF58DF57992830B0 /* ShadeCellTests.m */; };
		545904F27C52D2FD882C85FD /* ShadeCell.m in Sources */ = {isa = PBXBuildFile; fileRef = 545907C84E04530D6CF9F986 /* ShadeCell.m */; };
		5459056A4B8E872C35B62510 /* Foundation.framework in Frameworks */ = {isa = PBXBuildFile; fileRef = 54590A1DE08055782A0CEB5E /* Foundation.framework */; };
		545905F48D8991418805110B /* CoreLocation.framework in Frameworks */ = {isa = PBXBuildFile; fileRef = 54590E5094F73100D6F8A88B /* CoreLocation.framework */; };
		54590618522D8A9568E48DFE /* UIKit.framework in Frameworks */ = {isa = PBXBuildFile; fileRef = 545909191FCAEC33C7EF9109 /* UIKit.framework */; };
		5459069861B9BBC02FC65858 /* CoreLocation.framework in Frameworks */ = {isa = PBXBuildFile; fileRef = 54590E5094F73100D6F8A88B /* CoreLocation.framework */; };
		545906AA57F138795FFCD581 /* InfoPlist.strings in Resources */ = {isa = PBXBuildFile; fileRef = 5459014022FCED21F8A10C73 /* InfoPlist.strings */; };
		5459072C9D1CC0DDE7E5C11C /* ShadeCell.xib in Resources */ = {isa = PBXBuildFile; fileRef = 5459033F73EA30FAE3E94DBE /* ShadeCell.xib */; };
		54590777618BFAA5EBF37B4B /* CoreGraphics.framework in Frameworks */ = {isa = PBXBuildFile; fileRef = 54590B86B8E9A3E68E3404B9 /* CoreGraphics.framework */; };
		5459078127E4D4C998D06392 /* SpotDataColors.m in Sources */ = {isa = PBXBuildFile; fileRef = 545906EA4A0955BF59068353 /* SpotDataColors.m */; };
		545907E1002BF02F1E9DA366 /* CoreLocation.framework in Frameworks */ = {isa = PBXBuildFile; fileRef = 54590E5094F73100D6F8A88B /* CoreLocation.framework */; };
		54590875427A37523EF058E0 /* MapKit.framework in Frameworks */ = {isa = PBXBuildFile; fileRef = 54590EDB9ED935FDB962BA31 /* MapKit.framework */; };
		5459095B2B5306333A6E7429 /* SpotData.m in Sources */ = {isa = PBXBuildFile; fileRef = 545900B956FB7DD7327307E9 /* SpotData.m */; };
		54590969E9488DCB48BFBCEA /* MyMarker.m in Sources */ = {isa = PBXBuildFile; fileRef = 54590F722DEB94E84E01F5AD /* MyMarker.m */; };
		5459097522289CA5974D6EFF /* ShadeView.m in Sources */ = {isa = PBXBuildFile; fileRef = 545907DD75BEE539744A209A /* ShadeView.m */; };
		545909E16507E2723E8B5328 /* MyClusterRenderer.m in Sources */ = {isa = PBXBuildFile; fileRef = 5459000E2F780EAAE59F3E07 /* MyClusterRenderer.m */; };
		54590A46A033D630F59BD8BA /* CoreLocation.framework in Frameworks */ = {isa = PBXBuildFile; fileRef = 54590E5094F73100D6F8A88B /* CoreLocation.framework */; };
		54590A5580B4A92C81A47FBB /* ScrollableTableView.m in Sources */ = {isa = PBXBuildFile; fileRef = 5459093020D0F6BC998DBF9B /* ScrollableTableView.m */; };
		54590B4ECE8FBEFFCCEF7A2F /* TextDrawer.m in Sources */ = {isa = PBXBuildFile; fileRef = 5459087C21EA6AF4DB83A4F7 /* TextDrawer.m */; };
		54590D5D9D7F86C77EA8FF29 /* Spot.m in Sources */ = {isa = PBXBuildFile; fileRef = 545901A5F45F4F7B8B810931 /* Spot.m */; };
		54590DB78DCC052754E87F85 /* DotAnnotationView.m in Sources */ = {isa = PBXBuildFile; fileRef = 54590FC3FD0856276A0D180B /* DotAnnotationView.m */; };
		54590DDAD42C7965910ACAEF /* DummyDataProvider.m in Sources */ = {isa = PBXBuildFile; fileRef = 54590E768C7958768EFA6E27 /* DummyDataProvider.m */; };
		54590DFBA163827AAA0C556B /* MapKit.framework in Frameworks */ = {isa = PBXBuildFile; fileRef = 54590EDB9ED935FDB962BA31 /* MapKit.framework */; };
		54590E04FCA17D3316C46A57 /* StockCard.storyboard in Resources */ = {isa = PBXBuildFile; fileRef = 5459096F04E8EF316D8C8B9B /* StockCard.storyboard */; };
		54590E2E433FB2FD3E92EE06 /* EXAppDelegate.m in Sources */ = {isa = PBXBuildFile; fileRef = 54590FA1D75D6C3F3DFA3EA6 /* EXAppDelegate.m */; };
		54590EFB5178FEF4B3A8E991 /* TextDrawerTests.m in Sources */ = {isa = PBXBuildFile; fileRef = 54590D9E2826CA1887044250 /* TextDrawerTests.m */; };
		54590F4F536A0063BB8FF0E3 /* SpotDataTests.m in Sources */ = {isa = PBXBuildFile; fileRef = 54590705A0A4A153467F401C /* SpotDataTests.m */; };
		B10DB3DBCA434CBE87F1EB70 /* libPods.a in Frameworks */ = {isa = PBXBuildFile; fileRef = A9EC307A56B4487697FC76FF /* libPods.a */; };
		D9BA501384FC473BAD275C77 /* libPods.a in Frameworks */ = {isa = PBXBuildFile; fileRef = A9EC307A56B4487697FC76FF /* libPods.a */; };
/* End PBXBuildFile section */

/* Begin PBXContainerItemProxy section */
		54590FD4E810643F230D3138 /* PBXContainerItemProxy */ = {
			isa = PBXContainerItemProxy;
			containerPortal = 54590C5C43480C9C6502B654 /* Project object */;
			proxyType = 1;
			remoteGlobalIDString = 54590A517F34F3EC24D0079C;
			remoteInfo = experiment;
		};
/* End PBXContainerItemProxy section */

/* Begin PBXFileReference section */
		545900032AE6160B57B12734 /* TextDrawer.h */ = {isa = PBXFileReference; fileEncoding = 4; lastKnownFileType = sourcecode.c.h; path = TextDrawer.h; sourceTree = "<group>"; };
		5459000E2F780EAAE59F3E07 /* MyClusterRenderer.m */ = {isa = PBXFileReference; fileEncoding = 4; lastKnownFileType = sourcecode.c.objc; path = MyClusterRenderer.m; sourceTree = "<group>"; };
		54590097F72564CF5883C78E /* XCTest.framework */ = {isa = PBXFileReference; lastKnownFileType = wrapper.framework; name = XCTest.framework; path = Library/Frameworks/XCTest.framework; sourceTree = DEVELOPER_DIR; };
		545900B956FB7DD7327307E9 /* SpotData.m */ = {isa = PBXFileReference; fileEncoding = 4; lastKnownFileType = sourcecode.c.objc; path = SpotData.m; sourceTree = "<group>"; };
		5459014BBFCD5C2BF3BA7AC1 /* StackedBubbleAnnotation.h */ = {isa = PBXFileReference; fileEncoding = 4; lastKnownFileType = sourcecode.c.h; path = StackedBubbleAnnotation.h; sourceTree = "<group>"; };
		5459017E0F5D62E575190FF0 /* MKClusterRenderer.h */ = {isa = PBXFileReference; fileEncoding = 4; lastKnownFileType = sourcecode.c.h; path = MKClusterRenderer.h; sourceTree = "<group>"; };
		545901A5F45F4F7B8B810931 /* Spot.m */ = {isa = PBXFileReference; fileEncoding = 4; lastKnownFileType = sourcecode.c.objc; path = Spot.m; sourceTree = "<group>"; };
		54590238054C4212F1E3AEAF /* en */ = {isa = PBXFileReference; lastKnownFileType = text.plist.strings; name = en; path = en.lproj/InfoPlist.strings; sourceTree = "<group>"; };
		545902F407A6E4F70F069006 /* experiment-Info.plist */ = {isa = PBXFileReference; lastKnownFileType = text.plist.info; path = "experiment-Info.plist"; sourceTree = "<group>"; };
		545903189C0E24E797D45785 /* BubbleAnnotation.m */ = {isa = PBXFileReference; fileEncoding = 4; lastKnownFileType = sourcecode.c.objc; path = BubbleAnnotation.m; sourceTree = "<group>"; };
		5459033F73EA30FAE3E94DBE /* ShadeCell.xib */ = {isa = PBXFileReference; lastKnownFileType = file.xib; path = ShadeCell.xib; sourceTree = "<group>"; };
		545903B1FF62DD3D6855F6DF /* EXAppDelegate.h */ = {isa = PBXFileReference; lastKnownFileType = sourcecode.c.h; path = EXAppDelegate.h; sourceTree = "<group>"; };
		5459046AE47E1F98B1DE9220 /* DotAnnotationView.h */ = {isa = PBXFileReference; fileEncoding = 4; lastKnownFileType = sourcecode.c.h; path = DotAnnotationView.h; sourceTree = "<group>"; };
		545905606EBD9396DB2DF54F /* EXViewController.h */ = {isa = PBXFileReference; lastKnownFileType = sourcecode.c.h; path = EXViewController.h; sourceTree = "<group>"; };
		5459058B07CD319037FD76AC /* Colors.h */ = {isa = PBXFileReference; fileEncoding = 4; lastKnownFileType = sourcecode.c.h; path = Colors.h; sourceTree = "<group>"; };
		545906BA5B91BAD78345CFC1 /* DummyDataProvider.h */ = {isa = PBXFileReference; fileEncoding = 4; lastKnownFileType = sourcecode.c.h; path = DummyDataProvider.h; sourceTree = "<group>"; };
		545906EA4A0955BF59068353 /* SpotDataColors.m */ = {isa = PBXFileReference; fileEncoding = 4; lastKnownFileType = sourcecode.c.objc; path = SpotDataColors.m; sourceTree = "<group>"; };
		54590705A0A4A153467F401C /* SpotDataTests.m */ = {isa = PBXFileReference; fileEncoding = 4; lastKnownFileType = sourcecode.c.objc; path = SpotDataTests.m; sourceTree = "<group>"; };
		545907C84E04530D6CF9F986 /* ShadeCell.m */ = {isa = PBXFileReference; fileEncoding = 4; lastKnownFileType = sourcecode.c.objc; path = ShadeCell.m; sourceTree = "<group>"; };
		545907DD75BEE539744A209A /* ShadeView.m */ = {isa = PBXFileReference; fileEncoding = 4; lastKnownFileType = sourcecode.c.objc; path = ShadeView.m; sourceTree = "<group>"; };
		5459083138C8B2F622819149 /* SpotDataTests.h */ = {isa = PBXFileReference; fileEncoding = 4; lastKnownFileType = sourcecode.c.h; path = SpotDataTests.h; sourceTree = "<group>"; };
		5459087C21EA6AF4DB83A4F7 /* TextDrawer.m */ = {isa = PBXFileReference; fileEncoding = 4; lastKnownFileType = sourcecode.c.objc; path = TextDrawer.m; sourceTree = "<group>"; };
		5459089862011C24552756B2 /* experimentTests.xctest */ = {isa = PBXFileReference; explicitFileType = wrapper.cfbundle; includeInIndex = 0; path = experimentTests.xctest; sourceTree = BUILT_PRODUCTS_DIR; };
		545908EF8682170A6EC8685A /* MyClusterRenderer.h */ = {isa = PBXFileReference; fileEncoding = 4; lastKnownFileType = sourcecode.c.h; path = MyClusterRenderer.h; sourceTree = "<group>"; };
		545909191FCAEC33C7EF9109 /* UIKit.framework */ = {isa = PBXFileReference; lastKnownFileType = wrapper.framework; name = UIKit.framework; path = System/Library/Frameworks/UIKit.framework; sourceTree = SDKROOT; };
		5459092383AD4A7ED74D3A75 /* experiment-Prefix.pch */ = {isa = PBXFileReference; lastKnownFileType = sourcecode.c.h; path = "experiment-Prefix.pch"; sourceTree = "<group>"; };
		5459093020D0F6BC998DBF9B /* ScrollableTableView.m */ = {isa = PBXFileReference; fileEncoding = 4; lastKnownFileType = sourcecode.c.objc; path = ScrollableTableView.m; sourceTree = "<group>"; };
		5459096F04E8EF316D8C8B9B /* StockCard.storyboard */ = {isa = PBXFileReference; lastKnownFileType = file.storyboard; path = StockCard.storyboard; sourceTree = "<group>"; };
		5459098B6080F4488BABF3B1 /* ShadeScrollView.h */ = {isa = PBXFileReference; fileEncoding = 4; lastKnownFileType = sourcecode.c.h; path = ShadeScrollView.h; sourceTree = "<group>"; };
		545909BCC601D05BAAA0D9AD /* SpotDataColors.h */ = {isa = PBXFileReference; fileEncoding = 4; lastKnownFileType = sourcecode.c.h; path = SpotDataColors.h; sourceTree = "<group>"; };
		545909F4DF58DF57992830B0 /* ShadeCellTests.m */ = {isa = PBXFileReference; fileEncoding = 4; lastKnownFileType = sourcecode.c.objc; path = ShadeCellTests.m; sourceTree = "<group>"; };
		54590A1DE08055782A0CEB5E /* Foundation.framework */ = {isa = PBXFileReference; lastKnownFileType = wrapper.framework; name = Foundation.framework; path = System/Library/Frameworks/Foundation.framework; sourceTree = SDKROOT; };
		54590A5F4E601C8E3254C778 /* experiment.app */ = {isa = PBXFileReference; explicitFileType = wrapper.application; includeInIndex = 0; path = experiment.app; sourceTree = BUILT_PRODUCTS_DIR; };
		54590A7FEE36E3E1737A00FA /* experimentTests-Info.plist */ = {isa = PBXFileReference; lastKnownFileType = text.plist.info; path = "experimentTests-Info.plist"; sourceTree = "<group>"; };
		54590B10ACEC404C21A33839 /* Spot.h */ = {isa = PBXFileReference; fileEncoding = 4; lastKnownFileType = sourcecode.c.h; path = Spot.h; sourceTree = "<group>"; };
		54590B191563D1584C693CC1 /* BubbleAnnotation.h */ = {isa = PBXFileReference; fileEncoding = 4; lastKnownFileType = sourcecode.c.h; path = BubbleAnnotation.h; sourceTree = "<group>"; };
		54590B7485D102B75F5E37D3 /* SpotSelectionDelegate.h */ = {isa = PBXFileReference; fileEncoding = 4; lastKnownFileType = sourcecode.c.h; path = SpotSelectionDelegate.h; sourceTree = "<group>"; };
		54590B84C497979972AFB2C3 /* ShadeTableViewController.m */ = {isa = PBXFileReference; fileEncoding = 4; lastKnownFileType = sourcecode.c.objc; path = ShadeTableViewController.m; sourceTree = "<group>"; };
		54590B86B8E9A3E68E3404B9 /* CoreGraphics.framework */ = {isa = PBXFileReference; lastKnownFileType = wrapper.framework; name = CoreGraphics.framework; path = System/Library/Frameworks/CoreGraphics.framework; sourceTree = SDKROOT; };
		54590C0D3253E759512F8D1B /* SpotTests.m */ = {isa = PBXFileReference; fileEncoding = 4; lastKnownFileType = sourcecode.c.objc; path = SpotTests.m; sourceTree = "<group>"; };
		54590C19CC1189618C512C13 /* Base */ = {isa = PBXFileReference; lastKnownFileType = file.storyboard; name = Base; path = Base.lproj/Main.storyboard; sourceTree = "<group>"; };
		54590C323E21D05C3542C049 /* Images.xcassets */ = {isa = PBXFileReference; lastKnownFileType = folder.assetcatalog; path = Images.xcassets; sourceTree = "<group>"; };
		54590C4A0C8686E4A7D30E1F /* SpotData.h */ = {isa = PBXFileReference; fileEncoding = 4; lastKnownFileType = sourcecode.c.h; path = SpotData.h; sourceTree = "<group>"; };
		54590CB8E58CA8E2CB71B022 /* ShadeTableViewController.h */ = {isa = PBXFileReference; fileEncoding = 4; lastKnownFileType = sourcecode.c.h; path = ShadeTableViewController.h; sourceTree = "<group>"; };
		54590CD9460DC5B5E9C7F15B /* MyAnnotationView.h */ = {isa = PBXFileReference; fileEncoding = 4; lastKnownFileType = sourcecode.c.h; path = MyAnnotationView.h; sourceTree = "<group>"; };
		54590CFFA3DC9E9B9743794F /* en */ = {isa = PBXFileReference; lastKnownFileType = text.plist.strings; name = en; path = en.lproj/InfoPlist.strings; sourceTree = "<group>"; };
		54590D15680FA8B9C0120605 /* SpotTests.h */ = {isa = PBXFileReference; fileEncoding = 4; lastKnownFileType = sourcecode.c.h; path = SpotTests.h; sourceTree = "<group>"; };
		54590D28F4F1771C4B977018 /* MKClusterManager.m */ = {isa = PBXFileReference; fileEncoding = 4; lastKnownFileType = sourcecode.c.objc; path = MKClusterManager.m; sourceTree = "<group>"; };
		54590D9E2826CA1887044250 /* TextDrawerTests.m */ = {isa = PBXFileReference; fileEncoding = 4; lastKnownFileType = sourcecode.c.objc; path = TextDrawerTests.m; sourceTree = "<group>"; };
		54590E2CF10691CA9C3EF8CF /* StackedBubbleAnnotation.m */ = {isa = PBXFileReference; fileEncoding = 4; lastKnownFileType = sourcecode.c.objc; path = StackedBubbleAnnotation.m; sourceTree = "<group>"; };
		54590E4BF81DB4A945674E40 /* ShadeCell.h */ = {isa = PBXFileReference; fileEncoding = 4; lastKnownFileType = sourcecode.c.h; path = ShadeCell.h; sourceTree = "<group>"; };
		54590E5094F73100D6F8A88B /* CoreLocation.framework */ = {isa = PBXFileReference; lastKnownFileType = wrapper.framework; name = CoreLocation.framework; path = System/Library/Frameworks/CoreLocation.framework; sourceTree = SDKROOT; };
		54590E768C7958768EFA6E27 /* DummyDataProvider.m */ = {isa = PBXFileReference; fileEncoding = 4; lastKnownFileType = sourcecode.c.objc; path = DummyDataProvider.m; sourceTree = "<group>"; };
		54590E7ADB3FBD8647A70D34 /* ShadeScrollView.m */ = {isa = PBXFileReference; fileEncoding = 4; lastKnownFileType = sourcecode.c.objc; path = ShadeScrollView.m; sourceTree = "<group>"; };
		54590E808D94E1B897382864 /* Colors.m */ = {isa = PBXFileReference; fileEncoding = 4; lastKnownFileType = sourcecode.c.objc; path = Colors.m; sourceTree = "<group>"; };
		54590EDB9ED935FDB962BA31 /* MapKit.framework */ = {isa = PBXFileReference; lastKnownFileType = wrapper.framework; name = MapKit.framework; path = System/Library/Frameworks/MapKit.framework; sourceTree = SDKROOT; };
		54590EE42E452BC50DE38D08 /* main.m */ = {isa = PBXFileReference; lastKnownFileType = sourcecode.c.objc; path = main.m; sourceTree = "<group>"; };
		54590EECB11B2DFB11038022 /* ShadeView.h */ = {isa = PBXFileReference; fileEncoding = 4; lastKnownFileType = sourcecode.c.h; path = ShadeView.h; sourceTree = "<group>"; };
		54590F722DEB94E84E01F5AD /* MyMarker.m */ = {isa = PBXFileReference; fileEncoding = 4; lastKnownFileType = sourcecode.c.objc; path = MyMarker.m; sourceTree = "<group>"; };
		54590F76EC55A6F741B69A04 /* MKClusterManager.h */ = {isa = PBXFileReference; fileEncoding = 4; lastKnownFileType = sourcecode.c.h; path = MKClusterManager.h; sourceTree = "<group>"; };
		54590F976439DB3831C43B0A /* EXViewController.m */ = {isa = PBXFileReference; lastKnownFileType = sourcecode.c.objc; path = EXViewController.m; sourceTree = "<group>"; };
		54590FA1D75D6C3F3DFA3EA6 /* EXAppDelegate.m */ = {isa = PBXFileReference; lastKnownFileType = sourcecode.c.objc; path = EXAppDelegate.m; sourceTree = "<group>"; };
		54590FBDECCF115A24D7CA8F /* MyMarker.h */ = {isa = PBXFileReference; fileEncoding = 4; lastKnownFileType = sourcecode.c.h; path = MyMarker.h; sourceTree = "<group>"; };
		54590FC3FD0856276A0D180B /* DotAnnotationView.m */ = {isa = PBXFileReference; fileEncoding = 4; lastKnownFileType = sourcecode.c.objc; path = DotAnnotationView.m; sourceTree = "<group>"; };
		54590FC8442128012E4F0AED /* ScrollableTableView.h */ = {isa = PBXFileReference; fileEncoding = 4; lastKnownFileType = sourcecode.c.h; path = ScrollableTableView.h; sourceTree = "<group>"; };
		A9EC307A56B4487697FC76FF /* libPods.a */ = {isa = PBXFileReference; explicitFileType = archive.ar; includeInIndex = 0; path = libPods.a; sourceTree = BUILT_PRODUCTS_DIR; };
		EEC463A7B4DC4397A46C0DB9 /* Pods.xcconfig */ = {isa = PBXFileReference; includeInIndex = 1; lastKnownFileType = text.xcconfig; name = Pods.xcconfig; path = Pods/Pods.xcconfig; sourceTree = "<group>"; };
/* End PBXFileReference section */

/* Begin PBXFrameworksBuildPhase section */
		5459028C2F246159AB6DBEBB /* Frameworks */ = {
			isa = PBXFrameworksBuildPhase;
			buildActionMask = 2147483647;
			files = (
				545903CC063520F9E097D1B9 /* Foundation.framework in Frameworks */,
				54590777618BFAA5EBF37B4B /* CoreGraphics.framework in Frameworks */,
				54590618522D8A9568E48DFE /* UIKit.framework in Frameworks */,
				545905F48D8991418805110B /* CoreLocation.framework in Frameworks */,
				54590A46A033D630F59BD8BA /* CoreLocation.framework in Frameworks */,
				B10DB3DBCA434CBE87F1EB70 /* libPods.a in Frameworks */,
				54590007F495C259C62BE8A3 /* CoreLocation.framework in Frameworks */,
				54590875427A37523EF058E0 /* MapKit.framework in Frameworks */,
			);
			runOnlyForDeploymentPostprocessing = 0;
		};
		5459091F0112B1EA0322C2BF /* Frameworks */ = {
			isa = PBXFrameworksBuildPhase;
			buildActionMask = 2147483647;
			files = (
				5459012A7790F7EDEEE2D2F7 /* XCTest.framework in Frameworks */,
				545903AE8E4A9BEB5DD39DD8 /* MapKit.framework in Frameworks */,
				5459056A4B8E872C35B62510 /* Foundation.framework in Frameworks */,
				545903201999C84210EA2EDF /* UIKit.framework in Frameworks */,
				545907E1002BF02F1E9DA366 /* CoreLocation.framework in Frameworks */,
				D9BA501384FC473BAD275C77 /* libPods.a in Frameworks */,
				5459069861B9BBC02FC65858 /* CoreLocation.framework in Frameworks */,
				54590DFBA163827AAA0C556B /* MapKit.framework in Frameworks */,
				5459006225DAF0B4A94ADA87 /* MapKit.framework in Frameworks */,
			);
			runOnlyForDeploymentPostprocessing = 0;
		};
/* End PBXFrameworksBuildPhase section */

/* Begin PBXGroup section */
		5459007FF3EB13C7F0A9012D /* Products */ = {
			isa = PBXGroup;
			children = (
				54590A5F4E601C8E3254C778 /* experiment.app */,
				5459089862011C24552756B2 /* experimentTests.xctest */,
			);
			name = Products;
			sourceTree = "<group>";
		};
		54590372C788A0F219CD5229 /* Data */ = {
			isa = PBXGroup;
			children = (
				54590705A0A4A153467F401C /* SpotDataTests.m */,
				5459083138C8B2F622819149 /* SpotDataTests.h */,
				54590C0D3253E759512F8D1B /* SpotTests.m */,
				54590D15680FA8B9C0120605 /* SpotTests.h */,
			);
			path = Data;
			sourceTree = "<group>";
		};
		545903B971A5E69AF2F65D3E /* Clustering */ = {
			isa = PBXGroup;
			children = (
				54590F76EC55A6F741B69A04 /* MKClusterManager.h */,
				54590D28F4F1771C4B977018 /* MKClusterManager.m */,
				5459017E0F5D62E575190FF0 /* MKClusterRenderer.h */,
				5459000E2F780EAAE59F3E07 /* MyClusterRenderer.m */,
				545908EF8682170A6EC8685A /* MyClusterRenderer.h */,
				54590CD9460DC5B5E9C7F15B /* MyAnnotationView.h */,
				54590B7485D102B75F5E37D3 /* SpotSelectionDelegate.h */,
			);
			path = Clustering;
			sourceTree = "<group>";
		};
		54590485B1F90958A9CF0BED /* Shades */ = {
			isa = PBXGroup;
			children = (
				54590B84C497979972AFB2C3 /* ShadeTableViewController.m */,
				54590CB8E58CA8E2CB71B022 /* ShadeTableViewController.h */,
				54590E7ADB3FBD8647A70D34 /* ShadeScrollView.m */,
				5459098B6080F4488BABF3B1 /* ShadeScrollView.h */,
				5459033F73EA30FAE3E94DBE /* ShadeCell.xib */,
				545907C84E04530D6CF9F986 /* ShadeCell.m */,
				54590E4BF81DB4A945674E40 /* ShadeCell.h */,
			);
			path = Shades;
			sourceTree = "<group>";
		};
		5459052D9BC08CAB64E1EB4C /* Annotations */ = {
			isa = PBXGroup;
			children = (
				54590FC3FD0856276A0D180B /* DotAnnotationView.m */,
				5459046AE47E1F98B1DE9220 /* DotAnnotationView.h */,
				545903189C0E24E797D45785 /* BubbleAnnotation.m */,
				54590B191563D1584C693CC1 /* BubbleAnnotation.h */,
				54590E2CF10691CA9C3EF8CF /* StackedBubbleAnnotation.m */,
				5459014BBFCD5C2BF3BA7AC1 /* StackedBubbleAnnotation.h */,
				545906EA4A0955BF59068353 /* SpotDataColors.m */,
				545909BCC601D05BAAA0D9AD /* SpotDataColors.h */,
			);
			path = Annotations;
			sourceTree = "<group>";
		};
		545905E9C4A494C7262DCB21 /* Shades */ = {
			isa = PBXGroup;
			children = (
				545909F4DF58DF57992830B0 /* ShadeCellTests.m */,
			);
			path = Shades;
			sourceTree = "<group>";
		};
		545905ED257CEB1C58F08C08 /* Frameworks */ = {
			isa = PBXGroup;
			children = (
				54590A1DE08055782A0CEB5E /* Foundation.framework */,
				54590B86B8E9A3E68E3404B9 /* CoreGraphics.framework */,
				545909191FCAEC33C7EF9109 /* UIKit.framework */,
				54590097F72564CF5883C78E /* XCTest.framework */,
				54590EDB9ED935FDB962BA31 /* MapKit.framework */,
				54590E5094F73100D6F8A88B /* CoreLocation.framework */,
				A9EC307A56B4487697FC76FF /* libPods.a */,
			);
			name = Frameworks;
			sourceTree = "<group>";
		};
		54590674A5457773554F15D1 /* Views */ = {
			isa = PBXGroup;
			children = (
				545907DD75BEE539744A209A /* ShadeView.m */,
				54590EECB11B2DFB11038022 /* ShadeView.h */,
				5459052D9BC08CAB64E1EB4C /* Annotations */,
				5459093020D0F6BC998DBF9B /* ScrollableTableView.m */,
				54590FC8442128012E4F0AED /* ScrollableTableView.h */,
			);
			path = Views;
			sourceTree = "<group>";
		};
		545907147ED854E92644EA88 /* Supporting Files */ = {
			isa = PBXGroup;
			children = (
				54590A7FEE36E3E1737A00FA /* experimentTests-Info.plist */,
				5459098D06B74EB703C28FC9 /* InfoPlist.strings */,
			);
			name = "Supporting Files";
			sourceTree = "<group>";
		};
		54590A5AEFD370DF918C69BD /* Supporting Files */ = {
			isa = PBXGroup;
			children = (
				545902F407A6E4F70F069006 /* experiment-Info.plist */,
				5459014022FCED21F8A10C73 /* InfoPlist.strings */,
				54590EE42E452BC50DE38D08 /* main.m */,
				5459092383AD4A7ED74D3A75 /* experiment-Prefix.pch */,
			);
			name = "Supporting Files";
			sourceTree = "<group>";
		};
		54590BF367F5AE3EBE7E7E83 /* Mapkit-Utils-QuadTree */ = {
			isa = PBXGroup;
			children = (
				545903B971A5E69AF2F65D3E /* Clustering */,
			);
			path = "Mapkit-Utils-QuadTree";
			sourceTree = "<group>";
		};
		54590C936ADBCADAFF1C54FD = {
			isa = PBXGroup;
			children = (
				5459007FF3EB13C7F0A9012D /* Products */,
				545905ED257CEB1C58F08C08 /* Frameworks */,
				54590EE59AB1360BA472DCCB /* experiment */,
				54590EA7163C610C710D17EA /* experimentTests */,
				EEC463A7B4DC4397A46C0DB9 /* Pods.xcconfig */,
			);
			sourceTree = "<group>";
		};
		54590CE2DC5651D56215FD94 /* QuadTree */ = {
			isa = PBXGroup;
			children = (
				54590BF367F5AE3EBE7E7E83 /* Mapkit-Utils-QuadTree */,
			);
			path = QuadTree;
			sourceTree = "<group>";
		};
		54590DAC6471A663D57BE327 /* Data */ = {
			isa = PBXGroup;
			children = (
				54590B10ACEC404C21A33839 /* Spot.h */,
				545901A5F45F4F7B8B810931 /* Spot.m */,
				545900B956FB7DD7327307E9 /* SpotData.m */,
				54590C4A0C8686E4A7D30E1F /* SpotData.h */,
				54590E768C7958768EFA6E27 /* DummyDataProvider.m */,
				545906BA5B91BAD78345CFC1 /* DummyDataProvider.h */,
			);
			path = Data;
			sourceTree = "<group>";
		};
		54590EA7163C610C710D17EA /* experimentTests */ = {
			isa = PBXGroup;
			children = (
				545907147ED854E92644EA88 /* Supporting Files */,
				54590D9E2826CA1887044250 /* TextDrawerTests.m */,
				54590372C788A0F219CD5229 /* Data */,
				545905E9C4A494C7262DCB21 /* Shades */,
			);
			path = experimentTests;
			sourceTree = "<group>";
		};
		54590EE59AB1360BA472DCCB /* experiment */ = {
			isa = PBXGroup;
			children = (
				54590A5AEFD370DF918C69BD /* Supporting Files */,
				545903B1FF62DD3D6855F6DF /* EXAppDelegate.h */,
				54590FA1D75D6C3F3DFA3EA6 /* EXAppDelegate.m */,
				54590C323E21D05C3542C049 /* Images.xcassets */,
				5459028C98D7989DCD15FE3E /* Main.storyboard */,
				545905606EBD9396DB2DF54F /* EXViewController.h */,
				54590F976439DB3831C43B0A /* EXViewController.m */,
				54590E808D94E1B897382864 /* Colors.m */,
				5459058B07CD319037FD76AC /* Colors.h */,
				5459096F04E8EF316D8C8B9B /* StockCard.storyboard */,
				54590F722DEB94E84E01F5AD /* MyMarker.m */,
				54590FBDECCF115A24D7CA8F /* MyMarker.h */,
				5459087C21EA6AF4DB83A4F7 /* TextDrawer.m */,
				545900032AE6160B57B12734 /* TextDrawer.h */,
				54590485B1F90958A9CF0BED /* Shades */,
				54590CE2DC5651D56215FD94 /* QuadTree */,
				54590DAC6471A663D57BE327 /* Data */,
				54590674A5457773554F15D1 /* Views */,
			);
			path = experiment;
			sourceTree = "<group>";
		};
/* End PBXGroup section */

/* Begin PBXNativeTarget section */
		545905AFBE4E66FA6495DF56 /* experimentTests */ = {
			isa = PBXNativeTarget;
			buildConfigurationList = 54590345A041A8E3B9FDB53F /* Build configuration list for PBXNativeTarget "experimentTests" */;
			buildPhases = (
				183E7295355D45FF8F908E1E /* Check Pods Manifest.lock */,
				545900BF47CAC130A0E7F093 /* Sources */,
				5459091F0112B1EA0322C2BF /* Frameworks */,
				54590A3FC93BD5DAC12243D9 /* Resources */,
				A51D15FC52534E23914A9687 /* Copy Pods Resources */,
			);
			buildRules = (
			);
			dependencies = (
				54590167B80538BAFFAF7060 /* PBXTargetDependency */,
			);
			name = experimentTests;
			productName = experimentTests;
			productReference = 5459089862011C24552756B2 /* experimentTests.xctest */;
			productType = "com.apple.product-type.bundle.unit-test";
		};
		54590A517F34F3EC24D0079C /* experiment */ = {
			isa = PBXNativeTarget;
			buildConfigurationList = 545904A0A1E3199E8A885D8A /* Build configuration list for PBXNativeTarget "experiment" */;
			buildPhases = (
				7252CC8720A041C1960FE99C /* Check Pods Manifest.lock */,
				545903410C947D34FB3E368A /* Sources */,
				5459028C2F246159AB6DBEBB /* Frameworks */,
				54590314CC0C67D595666610 /* Resources */,
				0289A2E125974524AAABC395 /* Copy Pods Resources */,
			);
			buildRules = (
			);
			dependencies = (
			);
			name = experiment;
			productName = experiment;
			productReference = 54590A5F4E601C8E3254C778 /* experiment.app */;
			productType = "com.apple.product-type.application";
		};
/* End PBXNativeTarget section */

/* Begin PBXProject section */
		54590C5C43480C9C6502B654 /* Project object */ = {
			isa = PBXProject;
			attributes = {
				ORGANIZATIONNAME = Me;
				TargetAttributes = {
					545905AFBE4E66FA6495DF56 = {
						TestTargetID = 54590A517F34F3EC24D0079C;
					};
					54590A517F34F3EC24D0079C = {
						DevelopmentTeam = 255V99ZU6N;
					};
				};
			};
			buildConfigurationList = 545909347723FCC5CB214295 /* Build configuration list for PBXProject "experiment" */;
			compatibilityVersion = "Xcode 3.2";
			developmentRegion = English;
			hasScannedForEncodings = 0;
			knownRegions = (
				en,
			);
			mainGroup = 54590C936ADBCADAFF1C54FD;
			productRefGroup = 5459007FF3EB13C7F0A9012D /* Products */;
			projectDirPath = "";
			projectReferences = (
			);
			projectRoot = "";
			targets = (
				54590A517F34F3EC24D0079C /* experiment */,
				545905AFBE4E66FA6495DF56 /* experimentTests */,
			);
		};
/* End PBXProject section */

/* Begin PBXResourcesBuildPhase section */
		54590314CC0C67D595666610 /* Resources */ = {
			isa = PBXResourcesBuildPhase;
			buildActionMask = 2147483647;
			files = (
				545906AA57F138795FFCD581 /* InfoPlist.strings in Resources */,
				545903A679A52A1E87C97CB5 /* Images.xcassets in Resources */,
				545904185BE7DEC0F407C7E5 /* Main.storyboard in Resources */,
				54590E04FCA17D3316C46A57 /* StockCard.storyboard in Resources */,
				5459072C9D1CC0DDE7E5C11C /* ShadeCell.xib in Resources */,
			);
			runOnlyForDeploymentPostprocessing = 0;
		};
		54590A3FC93BD5DAC12243D9 /* Resources */ = {
			isa = PBXResourcesBuildPhase;
			buildActionMask = 2147483647;
			files = (
				5459041D667D9B8941E44A76 /* InfoPlist.strings in Resources */,
			);
			runOnlyForDeploymentPostprocessing = 0;
		};
/* End PBXResourcesBuildPhase section */

/* Begin PBXShellScriptBuildPhase section */
		0289A2E125974524AAABC395 /* Copy Pods Resources */ = {
			isa = PBXShellScriptBuildPhase;
			buildActionMask = 2147483647;
			files = (
			);
			inputPaths = (
			);
			name = "Copy Pods Resources";
			outputPaths = (
			);
			runOnlyForDeploymentPostprocessing = 0;
			shellPath = /bin/sh;
			shellScript = "\"${SRCROOT}/Pods/Pods-resources.sh\"\n";
			showEnvVarsInLog = 0;
		};
		183E7295355D45FF8F908E1E /* Check Pods Manifest.lock */ = {
			isa = PBXShellScriptBuildPhase;
			buildActionMask = 2147483647;
			files = (
			);
			inputPaths = (
			);
			name = "Check Pods Manifest.lock";
			outputPaths = (
			);
			runOnlyForDeploymentPostprocessing = 0;
			shellPath = /bin/sh;
			shellScript = "diff \"${PODS_ROOT}/../Podfile.lock\" \"${PODS_ROOT}/Manifest.lock\" > /dev/null\nif [[ $? != 0 ]] ; then\n    cat << EOM\nerror: The sandbox is not in sync with the Podfile.lock. Run 'pod install' or update your CocoaPods installation.\nEOM\n    exit 1\nfi\n";
			showEnvVarsInLog = 0;
		};
		7252CC8720A041C1960FE99C /* Check Pods Manifest.lock */ = {
			isa = PBXShellScriptBuildPhase;
			buildActionMask = 2147483647;
			files = (
			);
			inputPaths = (
			);
			name = "Check Pods Manifest.lock";
			outputPaths = (
			);
			runOnlyForDeploymentPostprocessing = 0;
			shellPath = /bin/sh;
			shellScript = "diff \"${PODS_ROOT}/../Podfile.lock\" \"${PODS_ROOT}/Manifest.lock\" > /dev/null\nif [[ $? != 0 ]] ; then\n    cat << EOM\nerror: The sandbox is not in sync with the Podfile.lock. Run 'pod install' or update your CocoaPods installation.\nEOM\n    exit 1\nfi\n";
			showEnvVarsInLog = 0;
		};
		A51D15FC52534E23914A9687 /* Copy Pods Resources */ = {
			isa = PBXShellScriptBuildPhase;
			buildActionMask = 2147483647;
			files = (
			);
			inputPaths = (
			);
			name = "Copy Pods Resources";
			outputPaths = (
			);
			runOnlyForDeploymentPostprocessing = 0;
			shellPath = /bin/sh;
			shellScript = "\"${SRCROOT}/Pods/Pods-resources.sh\"\n";
			showEnvVarsInLog = 0;
		};
/* End PBXShellScriptBuildPhase section */

/* Begin PBXSourcesBuildPhase section */
		545900BF47CAC130A0E7F093 /* Sources */ = {
			isa = PBXSourcesBuildPhase;
			buildActionMask = 2147483647;
			files = (
				54590EFB5178FEF4B3A8E991 /* TextDrawerTests.m in Sources */,
				54590F4F536A0063BB8FF0E3 /* SpotDataTests.m in Sources */,
				5459038FE2CDFC710A7A65B0 /* SpotTests.m in Sources */,
				5459044AEACD255C18361AA2 /* ShadeCellTests.m in Sources */,
			);
			runOnlyForDeploymentPostprocessing = 0;
		};
		545903410C947D34FB3E368A /* Sources */ = {
			isa = PBXSourcesBuildPhase;
			buildActionMask = 2147483647;
			files = (
				54590346BA45647FD5325154 /* main.m in Sources */,
				54590E2E433FB2FD3E92EE06 /* EXAppDelegate.m in Sources */,
				5459024FB3C686E017EF4749 /* EXViewController.m in Sources */,
				5459043CDE76191BE0B112DA /* Colors.m in Sources */,
				54590969E9488DCB48BFBCEA /* MyMarker.m in Sources */,
				54590B4ECE8FBEFFCCEF7A2F /* TextDrawer.m in Sources */,
				545903E29F95FB6DD0D0C873 /* ShadeTableViewController.m in Sources */,
				545901E553AF96C2926F2AD9 /* ShadeScrollView.m in Sources */,
				5459012080981111D76AE00E /* MKClusterManager.m in Sources */,
				54590D5D9D7F86C77EA8FF29 /* Spot.m in Sources */,
				5459095B2B5306333A6E7429 /* SpotData.m in Sources */,
				5459097522289CA5974D6EFF /* ShadeView.m in Sources */,
				54590DB78DCC052754E87F85 /* DotAnnotationView.m in Sources */,
				545901C3CCD3634A7C973B5A /* BubbleAnnotation.m in Sources */,
				545900820063A47ACF831E9C /* StackedBubbleAnnotation.m in Sources */,
				545909E16507E2723E8B5328 /* MyClusterRenderer.m in Sources */,
				5459078127E4D4C998D06392 /* SpotDataColors.m in Sources */,
				54590DDAD42C7965910ACAEF /* DummyDataProvider.m in Sources */,
				545904F27C52D2FD882C85FD /* ShadeCell.m in Sources */,
				54590A5580B4A92C81A47FBB /* ScrollableTableView.m in Sources */,
			);
			runOnlyForDeploymentPostprocessing = 0;
		};
/* End PBXSourcesBuildPhase section */

/* Begin PBXTargetDependency section */
		54590167B80538BAFFAF7060 /* PBXTargetDependency */ = {
			isa = PBXTargetDependency;
			target = 54590A517F34F3EC24D0079C /* experiment */;
			targetProxy = 54590FD4E810643F230D3138 /* PBXContainerItemProxy */;
		};
/* End PBXTargetDependency section */

/* Begin PBXVariantGroup section */
		5459014022FCED21F8A10C73 /* InfoPlist.strings */ = {
			isa = PBXVariantGroup;
			children = (
				54590CFFA3DC9E9B9743794F /* en */,
			);
			name = InfoPlist.strings;
			sourceTree = "<group>";
		};
		5459028C98D7989DCD15FE3E /* Main.storyboard */ = {
			isa = PBXVariantGroup;
			children = (
				54590C19CC1189618C512C13 /* Base */,
			);
			name = Main.storyboard;
			sourceTree = "<group>";
		};
		5459098D06B74EB703C28FC9 /* InfoPlist.strings */ = {
			isa = PBXVariantGroup;
			children = (
				54590238054C4212F1E3AEAF /* en */,
			);
			name = InfoPlist.strings;
			sourceTree = "<group>";
		};
/* End PBXVariantGroup section */

/* Begin XCBuildConfiguration section */
		545904A9F84C89005C024D57 /* Release */ = {
			isa = XCBuildConfiguration;
			buildSettings = {
				ALWAYS_SEARCH_USER_PATHS = NO;
				CLANG_CXX_LANGUAGE_STANDARD = "gnu++0x";
				CLANG_CXX_LIBRARY = "libc++";
				CLANG_ENABLE_MODULES = YES;
				CLANG_ENABLE_OBJC_ARC = YES;
				CLANG_WARN_BOOL_CONVERSION = YES;
				CLANG_WARN_CONSTANT_CONVERSION = YES;
				CLANG_WARN_DIRECT_OBJC_ISA_USAGE = YES_ERROR;
				CLANG_WARN_EMPTY_BODY = YES;
				CLANG_WARN_ENUM_CONVERSION = YES;
				CLANG_WARN_INT_CONVERSION = YES;
				CLANG_WARN_OBJC_ROOT_CLASS = YES_ERROR;
				CLANG_WARN__DUPLICATE_METHOD_MATCH = YES;
				"CODE_SIGN_IDENTITY[sdk=iphoneos*]" = "iPhone Developer";
				COPY_PHASE_STRIP = YES;
				ENABLE_NS_ASSERTIONS = NO;
				GCC_C_LANGUAGE_STANDARD = gnu99;
				GCC_WARN_64_TO_32_BIT_CONVERSION = YES;
				GCC_WARN_ABOUT_RETURN_TYPE = YES_ERROR;
				GCC_WARN_UNDECLARED_SELECTOR = YES;
				GCC_WARN_UNINITIALIZED_AUTOS = YES_AGGRESSIVE;
				GCC_WARN_UNUSED_FUNCTION = YES;
				GCC_WARN_UNUSED_VARIABLE = YES;
				IPHONEOS_DEPLOYMENT_TARGET = 8.0;
				SDKROOT = iphoneos;
				VALIDATE_PRODUCT = YES;
			};
			name = Release;
		};
		545905A081DA4CC3B0A7E172 /* Debug */ = {
			isa = XCBuildConfiguration;
			baseConfigurationReference = EEC463A7B4DC4397A46C0DB9 /* Pods.xcconfig */;
			buildSettings = {
				BUNDLE_LOADER = "$(BUILT_PRODUCTS_DIR)/experiment.app/experiment";
				FRAMEWORK_SEARCH_PATHS = (
					"$(SDKROOT)/Developer/Library/Frameworks",
					"$(inherited)",
					"$(DEVELOPER_FRAMEWORKS_DIR)",
				);
				GCC_PRECOMPILE_PREFIX_HEADER = YES;
				GCC_PREFIX_HEADER = "experiment/experiment-Prefix.pch";
				INFOPLIST_FILE = "experimentTests/experimentTests-Info.plist";
				PRODUCT_NAME = "$(TARGET_NAME)";
				TEST_HOST = "$(BUNDLE_LOADER)";
				WRAPPER_EXTENSION = xctest;
			};
			name = Debug;
		};
		545906092158790B60D7AB15 /* Debug */ = {
			isa = XCBuildConfiguration;
			baseConfigurationReference = EEC463A7B4DC4397A46C0DB9 /* Pods.xcconfig */;
			buildSettings = {
				ASSETCATALOG_COMPILER_APPICON_NAME = AppIcon;
				ASSETCATALOG_COMPILER_LAUNCHIMAGE_NAME = LaunchImage;
				CODE_SIGN_IDENTITY = "iPhone Developer";
				"CODE_SIGN_IDENTITY[sdk=iphoneos*]" = "iPhone Developer";
				GCC_PRECOMPILE_PREFIX_HEADER = YES;
				GCC_PREFIX_HEADER = "experiment/experiment-Prefix.pch";
				INFOPLIST_FILE = "experiment/experiment-Info.plist";
				PRODUCT_NAME = "$(TARGET_NAME)";
				PROVISIONING_PROFILE = "";
				USER_HEADER_SEARCH_PATHS = "\"${PROJECT_DIR}/Pods\"/**";
				WRAPPER_EXTENSION = app;
			};
			name = Debug;
		};
		5459087A2A5F4C1209C83396 /* Release */ = {
			isa = XCBuildConfiguration;
			baseConfigurationReference = EEC463A7B4DC4397A46C0DB9 /* Pods.xcconfig */;
			buildSettings = {
				BUNDLE_LOADER = "$(BUILT_PRODUCTS_DIR)/experiment.app/experiment";
				FRAMEWORK_SEARCH_PATHS = (
					"$(SDKROOT)/Developer/Library/Frameworks",
					"$(inherited)",
					"$(DEVELOPER_FRAMEWORKS_DIR)",
				);
				GCC_PRECOMPILE_PREFIX_HEADER = YES;
				GCC_PREFIX_HEADER = "experiment/experiment-Prefix.pch";
				INFOPLIST_FILE = "experimentTests/experimentTests-Info.plist";
				PRODUCT_NAME = "$(TARGET_NAME)";
				TEST_HOST = "$(BUNDLE_LOADER)";
				WRAPPER_EXTENSION = xctest;
			};
			name = Release;
		};
		545909ABF116160F2630A15B /* Debug */ = {
			isa = XCBuildConfiguration;
			buildSettings = {
				ALWAYS_SEARCH_USER_PATHS = NO;
				CLANG_CXX_LANGUAGE_STANDARD = "gnu++0x";
				CLANG_CXX_LIBRARY = "libc++";
				CLANG_ENABLE_MODULES = YES;
				CLANG_ENABLE_OBJC_ARC = YES;
				CLANG_WARN_BOOL_CONVERSION = YES;
				CLANG_WARN_CONSTANT_CONVERSION = YES;
				CLANG_WARN_DIRECT_OBJC_ISA_USAGE = YES_ERROR;
				CLANG_WARN_EMPTY_BODY = YES;
				CLANG_WARN_ENUM_CONVERSION = YES;
				CLANG_WARN_INT_CONVERSION = YES;
				CLANG_WARN_OBJC_ROOT_CLASS = YES_ERROR;
				CLANG_WARN__DUPLICATE_METHOD_MATCH = YES;
				"CODE_SIGN_IDENTITY[sdk=iphoneos*]" = "iPhone Developer";
				COPY_PHASE_STRIP = NO;
				GCC_C_LANGUAGE_STANDARD = gnu99;
				GCC_DYNAMIC_NO_PIC = NO;
				GCC_OPTIMIZATION_LEVEL = 0;
				GCC_PREPROCESSOR_DEFINITIONS = (
					"DEBUG=1",
					"$(inherited)",
				);
				GCC_SYMBOLS_PRIVATE_EXTERN = NO;
				GCC_WARN_64_TO_32_BIT_CONVERSION = YES;
				GCC_WARN_ABOUT_RETURN_TYPE = YES_ERROR;
				GCC_WARN_UNDECLARED_SELECTOR = YES;
				GCC_WARN_UNINITIALIZED_AUTOS = YES_AGGRESSIVE;
				GCC_WARN_UNUSED_FUNCTION = YES;
				GCC_WARN_UNUSED_VARIABLE = YES;
				IPHONEOS_DEPLOYMENT_TARGET = 8.0;
				ONLY_ACTIVE_ARCH = YES;
				SDKROOT = iphoneos;
			};
			name = Debug;
		};
		54590DB5DB2341F30772A116 /* Release */ = {
			isa = XCBuildConfiguration;
			baseConfigurationReference = EEC463A7B4DC4397A46C0DB9 /* Pods.xcconfig */;
			buildSettings = {
				ASSETCATALOG_COMPILER_APPICON_NAME = AppIcon;
				ASSETCATALOG_COMPILER_LAUNCHIMAGE_NAME = LaunchImage;
				CODE_SIGN_IDENTITY = "iPhone Developer";
				"CODE_SIGN_IDENTITY[sdk=iphoneos*]" = "iPhone Developer";
				GCC_PRECOMPILE_PREFIX_HEADER = YES;
				GCC_PREFIX_HEADER = "experiment/experiment-Prefix.pch";
				INFOPLIST_FILE = "experiment/experiment-Info.plist";
				PRODUCT_NAME = "$(TARGET_NAME)";
				PROVISIONING_PROFILE = "";
				USER_HEADER_SEARCH_PATHS = "\"${PROJECT_DIR}/Pods\"/**";
				WRAPPER_EXTENSION = app;
			};
			name = Release;
		};
/* End XCBuildConfiguration section */

/* Begin XCConfigurationList section */
		54590345A041A8E3B9FDB53F /* Build configuration list for PBXNativeTarget "experimentTests" */ = {
			isa = XCConfigurationList;
			buildConfigurations = (
				545905A081DA4CC3B0A7E172 /* Debug */,
				5459087A2A5F4C1209C83396 /* Release */,
			);
			defaultConfigurationIsVisible = 0;
			defaultConfigurationName = Release;
		};
		545904A0A1E3199E8A885D8A /* Build configuration list for PBXNativeTarget "experiment" */ = {
			isa = XCConfigurationList;
			buildConfigurations = (
				545906092158790B60D7AB15 /* Debug */,
				54590DB5DB2341F30772A116 /* Release */,
			);
			defaultConfigurationIsVisible = 0;
			defaultConfigurationName = Release;
		};
		545909347723FCC5CB214295 /* Build configuration list for PBXProject "experiment" */ = {
			isa = XCConfigurationList;
			buildConfigurations = (
				545909ABF116160F2630A15B /* Debug */,
				545904A9F84C89005C024D57 /* Release */,
			);
			defaultConfigurationIsVisible = 0;
			defaultConfigurationName = Release;
		};
/* End XCConfigurationList section */
	};
	rootObject = 54590C5C43480C9C6502B654 /* Project object */;
}
